<?xml version="1.0" encoding="utf-8"?>
<Project ToolsVersion="4.0" xmlns="http://schemas.microsoft.com/developer/msbuild/2003">
  <ItemGroup>
    <Filter Include="Source Files">
      <UniqueIdentifier>{4FC737F1-C7A5-4376-A066-2A32D752A2FF}</UniqueIdentifier>
      <Extensions>cpp;c;cc;cxx;c++;cppm;ixx;def;odl;idl;hpj;bat;asm;asmx</Extensions>
    </Filter>
    <Filter Include="Header Files">
      <UniqueIdentifier>{93995380-89BD-4b04-88EB-625FBE52EBFB}</UniqueIdentifier>
      <Extensions>h;hh;hpp;hxx;h++;hm;inl;inc;ipp;xsd</Extensions>
    </Filter>
    <Filter Include="Header Files\external">
      <UniqueIdentifier>{935f8aae-6266-473c-88e8-cebdce104772}</UniqueIdentifier>
    </Filter>
    <Filter Include="Header Files\external\imgui">
      <UniqueIdentifier>{1aadf48c-c678-470a-94c9-c3fbdfc8093e}</UniqueIdentifier>
    </Filter>
    <Filter Include="Header Files\external\imgui\GLFW">
      <UniqueIdentifier>{db594bb5-bbc5-4e6d-8dc7-8195ae1bb380}</UniqueIdentifier>
    </Filter>
    <Filter Include="Header Files\window">
      <UniqueIdentifier>{090e9c68-b97f-4604-9e5d-6c42c389f2ce}</UniqueIdentifier>
    </Filter>
    <Filter Include="Header Files\window\gui">
      <UniqueIdentifier>{5e3bbec0-b947-43da-a780-34c53f460bd7}</UniqueIdentifier>
    </Filter>
    <Filter Include="Source Files\external">
      <UniqueIdentifier>{6201cb7a-9570-4127-b228-3950fd370d59}</UniqueIdentifier>
    </Filter>
    <Filter Include="Source Files\external\imgui">
      <UniqueIdentifier>{6777fa1d-4854-4d9c-b6a6-3e7594bdf4e8}</UniqueIdentifier>
    </Filter>
    <Filter Include="Source Files\window">
      <UniqueIdentifier>{d5659721-b63d-41c5-880e-fbc683e88e01}</UniqueIdentifier>
    </Filter>
    <Filter Include="Source Files\window\gui">
      <UniqueIdentifier>{fa5b1c16-a7d3-4da3-8bcc-7a6696090263}</UniqueIdentifier>
    </Filter>
    <Filter Include="Header Files\external\stb">
      <UniqueIdentifier>{8509848d-6e61-464f-9f7a-4fbd91f8b514}</UniqueIdentifier>
    </Filter>
    <Filter Include="Header Files\external\tinyfiledialogs">
      <UniqueIdentifier>{837d5b63-9992-4bce-8ade-0e29b91d9f6a}</UniqueIdentifier>
    </Filter>
    <Filter Include="Header Files\image">
      <UniqueIdentifier>{afeb70f5-ecbc-4477-90cf-b76ecdbeae17}</UniqueIdentifier>
    </Filter>
    <Filter Include="Source Files\external\tinyfiledialogs">
      <UniqueIdentifier>{42175821-0c70-43d3-949f-dcf4d2dd3593}</UniqueIdentifier>
    </Filter>
    <Filter Include="Source Files\image">
      <UniqueIdentifier>{b9db8c1c-a51e-4bbf-87d2-d1d35e9ff95a}</UniqueIdentifier>
    </Filter>
  </ItemGroup>
  <ItemGroup>
    <ClCompile Include="main.cpp">
      <Filter>Source Files</Filter>
    </ClCompile>
    <ClCompile Include="external\imgui\imgui.cpp">
      <Filter>Source Files\external\imgui</Filter>
    </ClCompile>
    <ClCompile Include="external\imgui\imgui_demo.cpp">
      <Filter>Source Files\external\imgui</Filter>
    </ClCompile>
    <ClCompile Include="external\imgui\imgui_draw.cpp">
      <Filter>Source Files\external\imgui</Filter>
    </ClCompile>
    <ClCompile Include="external\imgui\imgui_impl_glfw.cpp">
      <Filter>Source Files\external\imgui</Filter>
    </ClCompile>
    <ClCompile Include="external\imgui\imgui_impl_opengl3.cpp">
      <Filter>Source Files\external\imgui</Filter>
    </ClCompile>
    <ClCompile Include="external\imgui\imgui_tables.cpp">
      <Filter>Source Files\external\imgui</Filter>
    </ClCompile>
    <ClCompile Include="external\imgui\imgui_widgets.cpp">
      <Filter>Source Files\external\imgui</Filter>
    </ClCompile>
    <ClCompile Include="window\window.cpp">
      <Filter>Source Files\window</Filter>
    </ClCompile>
    <ClCompile Include="window\gui\gui.cpp">
      <Filter>Source Files\window\gui</Filter>
    </ClCompile>
    <ClCompile Include="external\tinyfiledialogs\tinyfiledialogs.c">
      <Filter>Source Files\external\tinyfiledialogs</Filter>
    </ClCompile>
    <ClCompile Include="image\image.cpp">
      <Filter>Source Files\image</Filter>
    </ClCompile>
  </ItemGroup>
  <ItemGroup>
    <ClInclude Include="external\imgui\imgui_impl_glfw.h">
      <Filter>Header Files\external\imgui</Filter>
    </ClInclude>
    <ClInclude Include="external\imgui\imgui_impl_opengl3.h">
      <Filter>Header Files\external\imgui</Filter>
    </ClInclude>
    <ClInclude Include="external\imgui\imgui_internal.h">
      <Filter>Header Files\external\imgui</Filter>
    </ClInclude>
    <ClInclude Include="external\imgui\imstb_rectpack.h">
      <Filter>Header Files\external\imgui</Filter>
    </ClInclude>
    <ClInclude Include="external\imgui\imstb_textedit.h">
      <Filter>Header Files\external\imgui</Filter>
    </ClInclude>
    <ClInclude Include="external\imgui\imstb_truetype.h">
      <Filter>Header Files\external\imgui</Filter>
    </ClInclude>
    <ClInclude Include="external\imgui\imconfig.h">
      <Filter>Header Files\external\imgui</Filter>
    </ClInclude>
    <ClInclude Include="external\imgui\imgui.h">
      <Filter>Header Files\external\imgui</Filter>
    </ClInclude>
    <ClInclude Include="external\imgui\imgui_impl_opengl3_loader.h">
      <Filter>Header Files\external\imgui</Filter>
    </ClInclude>
    <ClInclude Include="external\imgui\GLFW\glfw3.h">
      <Filter>Header Files\external\imgui\GLFW</Filter>
    </ClInclude>
    <ClInclude Include="external\imgui\GLFW\glfw3native.h">
      <Filter>Header Files\external\imgui\GLFW</Filter>
    </ClInclude>
    <ClInclude Include="window\window.hpp">
      <Filter>Header Files\window</Filter>
    </ClInclude>
    <ClInclude Include="window\gui\gui.hpp">
      <Filter>Header Files\window\gui</Filter>
    </ClInclude>
    <ClInclude Include="external\stb\stb_image.h">
      <Filter>Header Files\external\stb</Filter>
    </ClInclude>
    <ClInclude Include="external\stb\stb_image_write.h">
      <Filter>Header Files\external\stb</Filter>
    </ClInclude>
    <ClInclude Include="external\tinyfiledialogs\tinyfiledialogs.h">
      <Filter>Header Files\external\tinyfiledialogs</Filter>
    </ClInclude>
    <ClInclude Include="image\image.hpp">
      <Filter>Header Files\image</Filter>
    </ClInclude>
  </ItemGroup>
</Project>